
Microsoft Visual Studio Solution File, Format Version 12.00
# Visual Studio 2012
Project("{FAE04EC0-301F-11D3-BF4B-00C04F79EFBC}") = "NUnitTesting.WebApp", "Website\NUnitTesting.WebApp.csproj", "{FFEABA18-46F8-457A-B582-C83E78A01F97}"
EndProject
Project("{FAE04EC0-301F-11D3-BF4B-00C04F79EFBC}") = "NUnitTesting.UnitTests", "Libraries\NUnitTesting.UnitTests\NUnitTesting.UnitTests.csproj", "{2FF833DB-0AD2-42BC-8B24-D584B46FD0B0}"
EndProject
Project("{FAE04EC0-301F-11D3-BF4B-00C04F79EFBC}") = "NUnitTesting.WebTests", "Libraries\NUnitTesting.WebTests\NUnitTesting.WebTests.csproj", "{638C839E-656B-44AE-87B4-315CD5B3051A}"
EndProject
Project("{FAE04EC0-301F-11D3-BF4B-00C04F79EFBC}") = "NUnitTesting.Core", "Libraries\NUnitTesting.Core\NUnitTesting.Core.csproj", "{B80F2278-8EA0-4E89-B5B4-1FF29A981D62}"
EndProject
Project("{FAE04EC0-301F-11D3-BF4B-00C04F79EFBC}") = "NUnitTesting.WebTestLauncher", "Libraries\NUnitTesting.WebTestLauncher\NUnitTesting.WebTestLauncher.csproj", "{7FB1AB18-DF2E-4B4C-BF77-DF4A3E053C7E}"
EndProject
Project("{FAE04EC0-301F-11D3-BF4B-00C04F79EFBC}") = "NUnitTesting.UnitTestLauncher", "Libraries\NUnitTesting.UnitTestLauncher\NUnitTesting.UnitTestLauncher.csproj", "{6533E696-C40D-4DBA-B9F8-2F4971C9D6E1}"
EndProject
Global
	GlobalSection(SolutionConfigurationPlatforms) = preSolution
		Debug|Any CPU = Debug|Any CPU
		Release|Any CPU = Release|Any CPU
	EndGlobalSection
	GlobalSection(ProjectConfigurationPlatforms) = postSolution
		{FFEABA18-46F8-457A-B582-C83E78A01F97}.Debug|Any CPU.ActiveCfg = Debug|Any CPU
		{FFEABA18-46F8-457A-B582-C83E78A01F97}.Debug|Any CPU.Build.0 = Debug|Any CPU
		{FFEABA18-46F8-457A-B582-C83E78A01F97}.Release|Any CPU.ActiveCfg = Release|Any CPU
		{FFEABA18-46F8-457A-B582-C83E78A01F97}.Release|Any CPU.Build.0 = Release|Any CPU
		{2FF833DB-0AD2-42BC-8B24-D584B46FD0B0}.Debug|Any CPU.ActiveCfg = Debug|Any CPU
		{2FF833DB-0AD2-42BC-8B24-D584B46FD0B0}.Debug|Any CPU.Build.0 = Debug|Any CPU
		{2FF833DB-0AD2-42BC-8B24-D584B46FD0B0}.Release|Any CPU.ActiveCfg = Release|Any CPU
		{2FF833DB-0AD2-42BC-8B24-D584B46FD0B0}.Release|Any CPU.Build.0 = Release|Any CPU
		{638C839E-656B-44AE-87B4-315CD5B3051A}.Debug|Any CPU.ActiveCfg = Debug|Any CPU
		{638C839E-656B-44AE-87B4-315CD5B3051A}.Debug|Any CPU.Build.0 = Debug|Any CPU
		{638C839E-656B-44AE-87B4-315CD5B3051A}.Release|Any CPU.ActiveCfg = Release|Any CPU
		{638C839E-656B-44AE-87B4-315CD5B3051A}.Release|Any CPU.Build.0 = Release|Any CPU
		{B80F2278-8EA0-4E89-B5B4-1FF29A981D62}.Debug|Any CPU.ActiveCfg = Debug|Any CPU
		{B80F2278-8EA0-4E89-B5B4-1FF29A981D62}.Debug|Any CPU.Build.0 = Debug|Any CPU
		{B80F2278-8EA0-4E89-B5B4-1FF29A981D62}.Release|Any CPU.ActiveCfg = Release|Any CPU
		{B80F2278-8EA0-4E89-B5B4-1FF29A981D62}.Release|Any CPU.Build.0 = Release|Any CPU
		{7FB1AB18-DF2E-4B4C-BF77-DF4A3E053C7E}.Debug|Any CPU.ActiveCfg = Debug|Any CPU
		{7FB1AB18-DF2E-4B4C-BF77-DF4A3E053C7E}.Debug|Any CPU.Build.0 = Debug|Any CPU
		{7FB1AB18-DF2E-4B4C-BF77-DF4A3E053C7E}.Release|Any CPU.ActiveCfg = Release|Any CPU
		{7FB1AB18-DF2E-4B4C-BF77-DF4A3E053C7E}.Release|Any CPU.Build.0 = Release|Any CPU
		{6533E696-C40D-4DBA-B9F8-2F4971C9D6E1}.Debug|Any CPU.ActiveCfg = Debug|Any CPU
		{6533E696-C40D-4DBA-B9F8-2F4971C9D6E1}.Debug|Any CPU.Build.0 = Debug|Any CPU
		{6533E696-C40D-4DBA-B9F8-2F4971C9D6E1}.Release|Any CPU.ActiveCfg = Release|Any CPU
		{6533E696-C40D-4DBA-B9F8-2F4971C9D6E1}.Release|Any CPU.Build.0 = Release|Any CPU
	EndGlobalSection
	GlobalSection(SolutionProperties) = preSolution
		HideSolutionNode = FALSE
	EndGlobalSection
EndGlobal
